
Microsoft Visual Studio Solution File, Format Version 11.00
# Visual C++ Express 2010
Project("{8BC9CEB8-8B4A-11D0-8D11-00A0C91BC942}") = "Rookie", "Rookie\Rookie.vcxproj", "{E038D5BB-9B14-41E9-9707-3BA025D9BD80}"
EndProject
Global
	GlobalSection(SolutionConfigurationPlatforms) = preSolution
		Debug|Win32 = Debug|Win32
		Release|Win32 = Release|Win32
	EndGlobalSection
	GlobalSection(ProjectConfigurationPlatforms) = postSolution
		{E038D5BB-9B14-41E9-9707-3BA025D9BD80}.Debug|Win32.ActiveCfg = Debug|Win32
		{E038D5BB-9B14-41E9-9707-3BA025D9BD80}.Debug|Win32.Build.0 = Debug|Win32
		{E038D5BB-9B14-41E9-9707-3BA025D9BD80}.Release|Win32.ActiveCfg = Release|Win32
		{E038D5BB-9B14-41E9-9707-3BA025D9BD80}.Release|Win32.Build.0 = Release|Win32
	EndGlobalSection
	GlobalSection(SolutionProperties) = preSolution
		HideSolutionNode = FALSE
	EndGlobalSection
EndGlobal
